
Microsoft Visual Studio Solution File, Format Version 12.00
# Visual Studio Version 16
VisualStudioVersion = 16.0.30804.86
MinimumVisualStudioVersion = 10.0.40219.1
Project("{FAE04EC0-301F-11D3-BF4B-00C04F79EFBC}") = "shopsofm.webapp", "shopsofm.webapp\shopsofm.webapp.csproj", "{7F957D88-53CD-4847-8B22-7C204279155D}"
EndProject
Project("{2150E333-8FDC-42A3-9474-1A3956D46DE8}") = "Solution Items", "Solution Items", "{E0E38148-5D9A-44B3-8834-EB25A4ADE06C}"
	ProjectSection(SolutionItems) = preProject
		README.txt = README.txt
	EndProjectSection
EndProject
Global
	GlobalSection(SolutionConfigurationPlatforms) = preSolution
		Debug|Any CPU = Debug|Any CPU
		Release|Any CPU = Release|Any CPU
	EndGlobalSection
	GlobalSection(ProjectConfigurationPlatforms) = postSolution
		{7F957D88-53CD-4847-8B22-7C204279155D}.Debug|Any CPU.ActiveCfg = Debug|Any CPU
		{7F957D88-53CD-4847-8B22-7C204279155D}.Debug|Any CPU.Build.0 = Debug|Any CPU
		{7F957D88-53CD-4847-8B22-7C204279155D}.Release|Any CPU.ActiveCfg = Release|Any CPU
		{7F957D88-53CD-4847-8B22-7C204279155D}.Release|Any CPU.Build.0 = Release|Any CPU
	EndGlobalSection
	GlobalSection(SolutionProperties) = preSolution
		HideSolutionNode = FALSE
	EndGlobalSection
	GlobalSection(ExtensibilityGlobals) = postSolution
		SolutionGuid = {0679321A-1070-4E62-AAA8-1BED2CBABB57}
	EndGlobalSection
EndGlobal
